
Microsoft Visual Studio Solution File, Format Version 12.00
# Visual Studio Version 17
VisualStudioVersion = 17.10.35013.160
MinimumVisualStudioVersion = 10.0.40219.1
Project("{FAE04EC0-301F-11D3-BF4B-00C04F79EFBC}") = "TestProject2", "TestProject2\TestProject2.csproj", "{BE1F6E53-A83D-43B7-A616-E014FB54DF04}"
EndProject
Global
	GlobalSection(SolutionConfigurationPlatforms) = preSolution
		Debug|Any CPU = Debug|Any CPU
		Release|Any CPU = Release|Any CPU
	EndGlobalSection
	GlobalSection(ProjectConfigurationPlatforms) = postSolution
		{BE1F6E53-A83D-43B7-A616-E014FB54DF04}.Debug|Any CPU.ActiveCfg = Debug|Any CPU
		{BE1F6E53-A83D-43B7-A616-E014FB54DF04}.Debug|Any CPU.Build.0 = Debug|Any CPU
		{BE1F6E53-A83D-43B7-A616-E014FB54DF04}.Release|Any CPU.ActiveCfg = Release|Any CPU
		{BE1F6E53-A83D-43B7-A616-E014FB54DF04}.Release|Any CPU.Build.0 = Release|Any CPU
	EndGlobalSection
	GlobalSection(SolutionProperties) = preSolution
		HideSolutionNode = FALSE
	EndGlobalSection
	GlobalSection(ExtensibilityGlobals) = postSolution
		SolutionGuid = {17E1A77E-2950-4C65-9430-75F05FF282F8}
	EndGlobalSection
EndGlobal
