
Microsoft Visual Studio Solution File, Format Version 12.00
# Visual Studio Version 17
VisualStudioVersion = 17.10.35013.160
MinimumVisualStudioVersion = 10.0.40219.1
Project("{FAE04EC0-301F-11D3-BF4B-00C04F79EFBC}") = "Lab Exam", "Lab Exam\Lab Exam.csproj", "{248B5C14-37DF-4E3E-A026-73E481B2063F}"
EndProject
Global
	GlobalSection(SolutionConfigurationPlatforms) = preSolution
		Debug|Any CPU = Debug|Any CPU
		Release|Any CPU = Release|Any CPU
	EndGlobalSection
	GlobalSection(ProjectConfigurationPlatforms) = postSolution
		{248B5C14-37DF-4E3E-A026-73E481B2063F}.Debug|Any CPU.ActiveCfg = Debug|Any CPU
		{248B5C14-37DF-4E3E-A026-73E481B2063F}.Debug|Any CPU.Build.0 = Debug|Any CPU
		{248B5C14-37DF-4E3E-A026-73E481B2063F}.Release|Any CPU.ActiveCfg = Release|Any CPU
		{248B5C14-37DF-4E3E-A026-73E481B2063F}.Release|Any CPU.Build.0 = Release|Any CPU
	EndGlobalSection
	GlobalSection(SolutionProperties) = preSolution
		HideSolutionNode = FALSE
	EndGlobalSection
	GlobalSection(ExtensibilityGlobals) = postSolution
		SolutionGuid = {89FA7DE5-2ADE-44E9-B03D-0A6777D8DDF5}
	EndGlobalSection
EndGlobal
