
Microsoft Visual Studio Solution File, Format Version 12.00
# Visual Studio Version 17
VisualStudioVersion = 17.10.35013.160
MinimumVisualStudioVersion = 10.0.40219.1
Project("{FAE04EC0-301F-11D3-BF4B-00C04F79EFBC}") = "Lab exam sdm", "Lab exam sdm\Lab exam sdm.csproj", "{77501A4D-753E-4739-882A-70D5849DDB61}"
EndProject
Global
	GlobalSection(SolutionConfigurationPlatforms) = preSolution
		Debug|Any CPU = Debug|Any CPU
		Release|Any CPU = Release|Any CPU
	EndGlobalSection
	GlobalSection(ProjectConfigurationPlatforms) = postSolution
		{77501A4D-753E-4739-882A-70D5849DDB61}.Debug|Any CPU.ActiveCfg = Debug|Any CPU
		{77501A4D-753E-4739-882A-70D5849DDB61}.Debug|Any CPU.Build.0 = Debug|Any CPU
		{77501A4D-753E-4739-882A-70D5849DDB61}.Release|Any CPU.ActiveCfg = Release|Any CPU
		{77501A4D-753E-4739-882A-70D5849DDB61}.Release|Any CPU.Build.0 = Release|Any CPU
	EndGlobalSection
	GlobalSection(SolutionProperties) = preSolution
		HideSolutionNode = FALSE
	EndGlobalSection
	GlobalSection(ExtensibilityGlobals) = postSolution
		SolutionGuid = {170C9A01-805C-4305-BD6F-B3D302B3D9CE}
	EndGlobalSection
EndGlobal
